{
  "name": "semantic-release-test",
  "version": "1.0.0",
  "lockfileVersion": 1,
  "requires": true,
  "dependencies": {
    "last-release-git": {
      "version": "0.0.3",
      "resolved": "https://registry.npmjs.org/last-release-git/-/last-release-git-0.0.3.tgz",
      "integrity": "sha1-fIJhECKxNKh0FZgak24mxSHy75E=",
      "dev": true,
      "requires": {
        "semver": "^5.3.0"
      }
    },
    "semver": {
      "version": "5.5.0",
      "resolved": "https://registry.npmjs.org/semver/-/semver-5.5.0.tgz",
      "integrity": "sha512-4SJ3dm0WAwWy/NVeioZh5AntkdJoWKxHxcmyP622fOkgHa4z3R0TdBJICINyaSDE6uNwVc8gZr+ZinwZAH4xIA==",
      "dev": true
    }
  }
}
